
Microsoft Visual Studio Solution File, Format Version 12.00
# Visual Studio Version 17
VisualStudioVersion = 17.6.33829.357
MinimumVisualStudioVersion = 10.0.40219.1
Project("{FAE04EC0-301F-11D3-BF4B-00C04F79EFBC}") = "DataGenerationUseCase23", "DataGenerationUseCase23\DataGenerationUseCase23.csproj", "{AB0180EC-5F8B-4AB5-A8FC-D6E43A67768D}"
EndProject
Global
	GlobalSection(SolutionConfigurationPlatforms) = preSolution
		Debug|Any CPU = Debug|Any CPU
		Release|Any CPU = Release|Any CPU
	EndGlobalSection
	GlobalSection(ProjectConfigurationPlatforms) = postSolution
		{AB0180EC-5F8B-4AB5-A8FC-D6E43A67768D}.Debug|Any CPU.ActiveCfg = Debug|Any CPU
		{AB0180EC-5F8B-4AB5-A8FC-D6E43A67768D}.Debug|Any CPU.Build.0 = Debug|Any CPU
		{AB0180EC-5F8B-4AB5-A8FC-D6E43A67768D}.Release|Any CPU.ActiveCfg = Release|Any CPU
		{AB0180EC-5F8B-4AB5-A8FC-D6E43A67768D}.Release|Any CPU.Build.0 = Release|Any CPU
	EndGlobalSection
	GlobalSection(SolutionProperties) = preSolution
		HideSolutionNode = FALSE
	EndGlobalSection
	GlobalSection(ExtensibilityGlobals) = postSolution
		SolutionGuid = {57191383-F6D5-4F85-9557-1CD2A376321D}
	EndGlobalSection
EndGlobal
